
Microsoft Visual Studio Solution File, Format Version 12.00
# Visual Studio Version 16
VisualStudioVersion = 16.0.30011.22
MinimumVisualStudioVersion = 10.0.40219.1
Project("{FAE04EC0-301F-11D3-BF4B-00C04F79EFBC}") = "MobilityScm.Modelo.Swift", "MobilityScm.Modelo.Swift.csproj", "{19EAB4C7-6B2D-4EE8-8DF9-7EBEC9AD163F}"
EndProject
Global
	GlobalSection(SolutionConfigurationPlatforms) = preSolution
		Debug|Any CPU = Debug|Any CPU
		Release|Any CPU = Release|Any CPU
	EndGlobalSection
	GlobalSection(ProjectConfigurationPlatforms) = postSolution
		{19EAB4C7-6B2D-4EE8-8DF9-7EBEC9AD163F}.Debug|Any CPU.ActiveCfg = Debug|Any CPU
		{19EAB4C7-6B2D-4EE8-8DF9-7EBEC9AD163F}.Debug|Any CPU.Build.0 = Debug|Any CPU
		{19EAB4C7-6B2D-4EE8-8DF9-7EBEC9AD163F}.Release|Any CPU.ActiveCfg = Release|Any CPU
		{19EAB4C7-6B2D-4EE8-8DF9-7EBEC9AD163F}.Release|Any CPU.Build.0 = Release|Any CPU
	EndGlobalSection
	GlobalSection(SolutionProperties) = preSolution
		HideSolutionNode = FALSE
	EndGlobalSection
	GlobalSection(ExtensibilityGlobals) = postSolution
		SolutionGuid = {AB39D12C-43A1-4880-8371-3391480F735C}
	EndGlobalSection
EndGlobal
